{"is_source_file": false, "format": "", "description": "", "external_files": [], "external_methods": [], "published": [], "classes": [], "methods": [], "calls": [], "search-terms": [], "state": 2, "file_id": 1, "knowledge_revision": 16, "git_revision": "0462aee4a6281df07d53867856199225825b115b", "filename": "/home/kavia/workspace/code-generation/tictactoe-104257-f8b74ead/tic_tac_toe/post_process_status.lock", "hash": "9c4ed7ef73e22b872b8055bec08b8979", "format-version": 4, "code-base-name": "default", "revision_history": [{"16": "0462aee4a6281df07d53867856199225825b115b"}]}